
Microsoft Visual Studio Solution File, Format Version 12.00
# Visual Studio Version 17
VisualStudioVersion = 17.14.36203.30 d17.14
MinimumVisualStudioVersion = 10.0.40219.1
Project("{FAE04EC0-301F-11D3-BF4B-00C04F79EFBC}") = "01_variables", "01_variables\01_variables.csproj", "{CE7677C4-6B4D-467A-8AE7-398FCAAF6558}"
EndProject
Global
	GlobalSection(SolutionConfigurationPlatforms) = preSolution
		Debug|Any CPU = Debug|Any CPU
		Release|Any CPU = Release|Any CPU
	EndGlobalSection
	GlobalSection(ProjectConfigurationPlatforms) = postSolution
		{CE7677C4-6B4D-467A-8AE7-398FCAAF6558}.Debug|Any CPU.ActiveCfg = Debug|Any CPU
		{CE7677C4-6B4D-467A-8AE7-398FCAAF6558}.Debug|Any CPU.Build.0 = Debug|Any CPU
		{CE7677C4-6B4D-467A-8AE7-398FCAAF6558}.Release|Any CPU.ActiveCfg = Release|Any CPU
		{CE7677C4-6B4D-467A-8AE7-398FCAAF6558}.Release|Any CPU.Build.0 = Release|Any CPU
	EndGlobalSection
	GlobalSection(SolutionProperties) = preSolution
		HideSolutionNode = FALSE
	EndGlobalSection
	GlobalSection(ExtensibilityGlobals) = postSolution
		SolutionGuid = {E7F2DD4A-372B-4AE7-870D-B2E7B10E2A6A}
	EndGlobalSection
EndGlobal
